
Microsoft Visual Studio Solution File, Format Version 12.00
# Visual Studio 2012
Project("{FAE04EC0-301F-11D3-BF4B-00C04F79EFBC}") = "fieldbook-sharp", "fieldbook-sharp\fieldbook-sharp.csproj", "{314168FE-3DFF-4DD5-AE01-DE80887C4FC8}"
EndProject
Global
	GlobalSection(SolutionConfigurationPlatforms) = preSolution
		Debug|Any CPU = Debug|Any CPU
		Release|Any CPU = Release|Any CPU
	EndGlobalSection
	GlobalSection(ProjectConfigurationPlatforms) = postSolution
		{314168FE-3DFF-4DD5-AE01-DE80887C4FC8}.Debug|Any CPU.ActiveCfg = Debug|Any CPU
		{314168FE-3DFF-4DD5-AE01-DE80887C4FC8}.Debug|Any CPU.Build.0 = Debug|Any CPU
		{314168FE-3DFF-4DD5-AE01-DE80887C4FC8}.Release|Any CPU.ActiveCfg = Release|Any CPU
		{314168FE-3DFF-4DD5-AE01-DE80887C4FC8}.Release|Any CPU.Build.0 = Release|Any CPU
	EndGlobalSection
EndGlobal
